// !$*UTF8*$!
{
	archiveVersion = 1;
	classes = {
	};
	objectVersion = 56;
	objects = {

/* Begin PBXBuildFile section */
		B5C4F50B2B7D876F0050841B /* AppDelegate.m in Sources */ = {isa = PBXBuildFile; fileRef = B5C4F50A2B7D876F0050841B /* AppDelegate.m */; };
		B5C4F50E2B7D876F0050841B /* SceneDelegate.m in Sources */ = {isa = PBXBuildFile; fileRef = B5C4F50D2B7D876F0050841B /* SceneDelegate.m */; };
		B5C4F5112B7D876F0050841B /* ViewController.m in Sources */ = {isa = PBXBuildFile; fileRef = B5C4F5102B7D876F0050841B /* ViewController.m */; };
		B5C4F5142B7D876F0050841B /* Main.storyboard in Resources */ = {isa = PBXBuildFile; fileRef = B5C4F5122B7D876F0050841B /* Main.storyboard */; };
		B5C4F5162B7D87700050841B /* Assets.xcassets in Resources */ = {isa = PBXBuildFile; fileRef = B5C4F5152B7D87700050841B /* Assets.xcassets */; };
		B5C4F5192B7D87700050841B /* LaunchScreen.storyboard in Resources */ = {isa = PBXBuildFile; fileRef = B5C4F5172B7D87700050841B /* LaunchScreen.storyboard */; };
		B5C4F51C2B7D87700050841B /* main.m in Sources */ = {isa = PBXBuildFile; fileRef = B5C4F51B2B7D87700050841B /* main.m */; };
/* End PBXBuildFile section */

/* Begin PBXFileReference section */
		B5C4F5062B7D876F0050841B /* CareerChatter.app */ = {isa = PBXFileReference; explicitFileType = wrapper.application; includeInIndex = 0; path = CareerChatter.app; sourceTree = BUILT_PRODUCTS_DIR; };
		B5C4F5092B7D876F0050841B /* AppDelegate.h */ = {isa = PBXFileReference; lastKnownFileType = sourcecode.c.h; path = AppDelegate.h; sourceTree = "<group>"; };
		B5C4F50A2B7D876F0050841B /* AppDelegate.m */ = {isa = PBXFileReference; lastKnownFileType = sourcecode.c.objc; path = AppDelegate.m; sourceTree = "<group>"; };
		B5C4F50C2B7D876F0050841B /* SceneDelegate.h */ = {isa = PBXFileReference; lastKnownFileType = sourcecode.c.h; path = SceneDelegate.h; sourceTree = "<group>"; };
		B5C4F50D2B7D876F0050841B /* SceneDelegate.m */ = {isa = PBXFileReference; lastKnownFileType = sourcecode.c.objc; path = SceneDelegate.m; sourceTree = "<group>"; };
		B5C4F50F2B7D876F0050841B /* ViewController.h */ = {isa = PBXFileReference; lastKnownFileType = sourcecode.c.h; path = ViewController.h; sourceTree = "<group>"; };
		B5C4F5102B7D876F0050841B /* ViewController.m */ = {isa = PBXFileReference; lastKnownFileType = sourcecode.c.objc; path = ViewController.m; sourceTree = "<group>"; };
		B5C4F5132B7D876F0050841B /* Base */ = {isa = PBXFileReference; lastKnownFileType = file.storyboard; name = Base; path = Base.lproj/Main.storyboard; sourceTree = "<group>"; };
		B5C4F5152B7D87700050841B /* Assets.xcassets */ = {isa = PBXFileReference; lastKnownFileType = folder.assetcatalog; name = Assets.xcassets; path = CareerChatter/Assets.xcassets; sourceTree = SOURCE_ROOT; };
		B5C4F5182B7D87700050841B /* Base */ = {isa = PBXFileReference; lastKnownFileType = file.storyboard; name = Base; path = Base.lproj/LaunchScreen.storyboard; sourceTree = "<group>"; };
		B5C4F51A2B7D87700050841B /* Info.plist */ = {isa = PBXFileReference; lastKnownFileType = text.plist.xml; path = Info.plist; sourceTree = "<group>"; };
		B5C4F51B2B7D87700050841B /* main.m */ = {isa = PBXFileReference; lastKnownFileType = sourcecode.c.objc; path = main.m; sourceTree = "<group>"; };
/* End PBXFileReference section */

/* Begin PBXFrameworksBuildPhase section */
		B5C4F5032B7D876F0050841B /* Frameworks */ = {
			isa = PBXFrameworksBuildPhase;
			buildActionMask = 2147483647;
			files = (
			);
			runOnlyForDeploymentPostprocessing = 0;
		};
/* End PBXFrameworksBuildPhase section */

/* Begin PBXGroup section */
		B5C4F4FD2B7D876F0050841B = {
			isa = PBXGroup;
			children = (
				B5C4F5082B7D876F0050841B /* CareerChatter */,
				B5C4F5072B7D876F0050841B /* Products */,
			);
			sourceTree = "<group>";
		};
		B5C4F5072B7D876F0050841B /* Products */ = {
			isa = PBXGroup;
			children = (
				B5C4F5062B7D876F0050841B /* CareerChatter.app */,
			);
			name = Products;
			sourceTree = "<group>";
		};
		B5C4F5082B7D876F0050841B /* CareerChatter */ = {
			isa = PBXGroup;
			children = (
				B5C4F5092B7D876F0050841B /* AppDelegate.h */,
				B5C4F50A2B7D876F0050841B /* AppDelegate.m */,
				B5C4F50C2B7D876F0050841B /* SceneDelegate.h */,
				B5C4F50D2B7D876F0050841B /* SceneDelegate.m */,
				B5C4F50F2B7D876F0050841B /* ViewController.h */,
				B5C4F5102B7D876F0050841B /* ViewController.m */,
				B5C4F5122B7D876F0050841B /* Main.storyboard */,
				B5C4F5152B7D87700050841B /* Assets.xcassets */,
				B5C4F5172B7D87700050841B /* LaunchScreen.storyboard */,
				B5C4F51A2B7D87700050841B /* Info.plist */,
				B5C4F51B2B7D87700050841B /* main.m */,
			);
			path = CareerChatter;
			sourceTree = "<group>";
		};
/* End PBXGroup section */

/* Begin PBXNativeTarget section */
		B5C4F5052B7D876F0050841B /* CareerChatter */ = {
			isa = PBXNativeTarget;
			buildConfigurationList = B5C4F51F2B7D87700050841B /* Build configuration list for PBXNativeTarget "CareerChatter" */;
			buildPhases = (
				B5C4F5022B7D876F0050841B /* Sources */,
				B5C4F5032B7D876F0050841B /* Frameworks */,
				B5C4F5042B7D876F0050841B /* Resources */,
			);
			buildRules = (
			);
			dependencies = (
			);
			name = CareerChatter;
			productName = CareerChatter;
			productReference = B5C4F5062B7D876F0050841B /* CareerChatter.app */;
			productType = "com.apple.product-type.application";
		};
/* End PBXNativeTarget section */

/* Begin PBXProject section */
		B5C4F4FE2B7D876F0050841B /* Project object */ = {
			isa = PBXProject;
			attributes = {
				BuildIndependentTargetsInParallel = 1;
				LastUpgradeCheck = 1420;
				TargetAttributes = {
					B5C4F5052B7D876F0050841B = {
						CreatedOnToolsVersion = 14.2;
					};
				};
			};
			buildConfigurationList = B5C4F5012B7D876F0050841B /* Build configuration list for PBXProject "CareerChatter" */;
			compatibilityVersion = "Xcode 14.0";
			developmentRegion = en;
			hasScannedForEncodings = 0;
			knownRegions = (
				en,
				Base,
			);
			mainGroup = B5C4F4FD2B7D876F0050841B;
			productRefGroup = B5C4F5072B7D876F0050841B /* Products */;
			projectDirPath = "";
			projectRoot = "";
			targets = (
				B5C4F5052B7D876F0050841B /* CareerChatter */,
			);
		};
/* End PBXProject section */

/* Begin PBXResourcesBuildPhase section */
		B5C4F5042B7D876F0050841B /* Resources */ = {
			isa = PBXResourcesBuildPhase;
			buildActionMask = 2147483647;
			files = (
				B5C4F5192B7D87700050841B /* LaunchScreen.storyboard in Resources */,
				B5C4F5162B7D87700050841B /* Assets.xcassets in Resources */,
				B5C4F5142B7D876F0050841B /* Main.storyboard in Resources */,
			);
			runOnlyForDeploymentPostprocessing = 0;
		};
/* End PBXResourcesBuildPhase section */

/* Begin PBXSourcesBuildPhase section */
		B5C4F5022B7D876F0050841B /* Sources */ = {
			isa = PBXSourcesBuildPhase;
			buildActionMask = 2147483647;
			files = (
				B5C4F5112B7D876F0050841B /* ViewController.m in Sources */,
				B5C4F50B2B7D876F0050841B /* AppDelegate.m in Sources */,
				B5C4F51C2B7D87700050841B /* main.m in Sources */,
				B5C4F50E2B7D876F0050841B /* SceneDelegate.m in Sources */,
			);
			runOnlyForDeploymentPostprocessing = 0;
		};
/* End PBXSourcesBuildPhase section */

/* Begin PBXVariantGroup section */
		B5C4F5122B7D876F0050841B /* Main.storyboard */ = {
			isa = PBXVariantGroup;
			children = (
				B5C4F5132B7D876F0050841B /* Base */,
			);
			name = Main.storyboard;
			sourceTree = "<group>";
		};
		B5C4F5172B7D87700050841B /* LaunchScreen.storyboard */ = {
			isa = PBXVariantGroup;
			children = (
				B5C4F5182B7D87700050841B /* Base */,
			);
			name = LaunchScreen.storyboard;
			sourceTree = "<group>";
		};
/* End PBXVariantGroup section */

/* Begin XCBuildConfiguration section */
		B5C4F51D2B7D87700050841B /* Debug */ = {
			isa = XCBuildConfiguration;
			buildSettings = {
				ALWAYS_SEARCH_USER_PATHS = NO;
				CLANG_ANALYZER_NONNULL = YES;
				CLANG_ANALYZER_NUMBER_OBJECT_CONVERSION = YES_AGGRESSIVE;
				CLANG_CXX_LANGUAGE_STANDARD = "gnu++20";
				CLANG_ENABLE_MODULES = YES;
				CLANG_ENABLE_OBJC_ARC = YES;
				CLANG_ENABLE_OBJC_WEAK = YES;
				CLANG_WARN_BLOCK_CAPTURE_AUTORELEASING = YES;
				CLANG_WARN_BOOL_CONVERSION = YES;
				CLANG_WARN_COMMA = YES;
				CLANG_WARN_CONSTANT_CONVERSION = YES;
				CLANG_WARN_DEPRECATED_OBJC_IMPLEMENTATIONS = YES;
				CLANG_WARN_DIRECT_OBJC_ISA_USAGE = YES_ERROR;
				CLANG_WARN_DOCUMENTATION_COMMENTS = YES;
				CLANG_WARN_EMPTY_BODY = YES;
				CLANG_WARN_ENUM_CONVERSION = YES;
				CLANG_WARN_INFINITE_RECURSION = YES;
				CLANG_WARN_INT_CONVERSION = YES;
				CLANG_WARN_NON_LITERAL_NULL_CONVERSION = YES;
				CLANG_WARN_OBJC_IMPLICIT_RETAIN_SELF = YES;
				CLANG_WARN_OBJC_LITERAL_CONVERSION = YES;
				CLANG_WARN_OBJC_ROOT_CLASS = YES_ERROR;
				CLANG_WARN_QUOTED_INCLUDE_IN_FRAMEWORK_HEADER = YES;
				CLANG_WARN_RANGE_LOOP_ANALYSIS = YES;
				CLANG_WARN_STRICT_PROTOTYPES = YES;
				CLANG_WARN_SUSPICIOUS_MOVE = YES;
				CLANG_WARN_UNGUARDED_AVAILABILITY = YES_AGGRESSIVE;
				CLANG_WARN_UNREACHABLE_CODE = YES;
				CLANG_WARN__DUPLICATE_METHOD_MATCH = YES;
				COPY_PHASE_STRIP = NO;
				DEBUG_INFORMATION_FORMAT = dwarf;
				ENABLE_STRICT_OBJC_MSGSEND = YES;
				ENABLE_TESTABILITY = YES;
				GCC_C_LANGUAGE_STANDARD = gnu11;
				GCC_DYNAMIC_NO_PIC = NO;
				GCC_NO_COMMON_BLOCKS = YES;
				GCC_OPTIMIZATION_LEVEL = 0;
				GCC_PREPROCESSOR_DEFINITIONS = (
					"DEBUG=1",
					"$(inherited)",
				);
				GCC_WARN_64_TO_32_BIT_CONVERSION = YES;
				GCC_WARN_ABOUT_RETURN_TYPE = YES_ERROR;
				GCC_WARN_UNDECLARED_SELECTOR = YES;
				GCC_WARN_UNINITIALIZED_AUTOS = YES_AGGRESSIVE;
				GCC_WARN_UNUSED_FUNCTION = YES;
				GCC_WARN_UNUSED_VARIABLE = YES;
				IPHONEOS_DEPLOYMENT_TARGET = 16.2;
				MTL_ENABLE_DEBUG_INFO = INCLUDE_SOURCE;
				MTL_FAST_MATH = YES;
				ONLY_ACTIVE_ARCH = YES;
				SDKROOT = iphoneos;
			};
			name = Debug;
		};
		B5C4F51E2B7D87700050841B /* Release */ = {
			isa = XCBuildConfiguration;
			buildSettings = {
				ALWAYS_SEARCH_USER_PATHS = NO;
				CLANG_ANALYZER_NONNULL = YES;
				CLANG_ANALYZER_NUMBER_OBJECT_CONVERSION = YES_AGGRESSIVE;
				CLANG_CXX_LANGUAGE_STANDARD = "gnu++20";
				CLANG_ENABLE_MODULES = YES;
				CLANG_ENABLE_OBJC_ARC = YES;
				CLANG_ENABLE_OBJC_WEAK = YES;
				CLANG_WARN_BLOCK_CAPTURE_AUTORELEASING = YES;
				CLANG_WARN_BOOL_CONVERSION = YES;
				CLANG_WARN_COMMA = YES;
				CLANG_WARN_CONSTANT_CONVERSION = YES;
				CLANG_WARN_DEPRECATED_OBJC_IMPLEMENTATIONS = YES;
				CLANG_WARN_DIRECT_OBJC_ISA_USAGE = YES_ERROR;
				CLANG_WARN_DOCUMENTATION_COMMENTS = YES;
				CLANG_WARN_EMPTY_BODY = YES;
				CLANG_WARN_ENUM_CONVERSION = YES;
				CLANG_WARN_INFINITE_RECURSION = YES;
				CLANG_WARN_INT_CONVERSION = YES;
				CLANG_WARN_NON_LITERAL_NULL_CONVERSION = YES;
				CLANG_WARN_OBJC_IMPLICIT_RETAIN_SELF = YES;
				CLANG_WARN_OBJC_LITERAL_CONVERSION = YES;
				CLANG_WARN_OBJC_ROOT_CLASS = YES_ERROR;
				CLANG_WARN_QUOTED_INCLUDE_IN_FRAMEWORK_HEADER = YES;
				CLANG_WARN_RANGE_LOOP_ANALYSIS = YES;
				CLANG_WARN_STRICT_PROTOTYPES = YES;
				CLANG_WARN_SUSPICIOUS_MOVE = YES;
				CLANG_WARN_UNGUARDED_AVAILABILITY = YES_AGGRESSIVE;
				CLANG_WARN_UNREACHABLE_CODE = YES;
				CLANG_WARN__DUPLICATE_METHOD_MATCH = YES;
				COPY_PHASE_STRIP = NO;
				DEBUG_INFORMATION_FORMAT = "dwarf-with-dsym";
				ENABLE_NS_ASSERTIONS = NO;
				ENABLE_STRICT_OBJC_MSGSEND = YES;
				GCC_C_LANGUAGE_STANDARD = gnu11;
				GCC_NO_COMMON_BLOCKS = YES;
				GCC_WARN_64_TO_32_BIT_CONVERSION = YES;
				GCC_WARN_ABOUT_RETURN_TYPE = YES_ERROR;
				GCC_WARN_UNDECLARED_SELECTOR = YES;
				GCC_WARN_UNINITIALIZED_AUTOS = YES_AGGRESSIVE;
				GCC_WARN_UNUSED_FUNCTION = YES;
				GCC_WARN_UNUSED_VARIABLE = YES;
				IPHONEOS_DEPLOYMENT_TARGET = 16.2;
				MTL_ENABLE_DEBUG_INFO = NO;
				MTL_FAST_MATH = YES;
				SDKROOT = iphoneos;
				VALIDATE_PRODUCT = YES;
			};
			name = Release;
		};
		B5C4F5202B7D87700050841B /* Debug */ = {
			isa = XCBuildConfiguration;
			buildSettings = {
				ASSETCATALOG_COMPILER_APPICON_NAME = AppIcon;
				ASSETCATALOG_COMPILER_GLOBAL_ACCENT_COLOR_NAME = AccentColor;
				CODE_SIGN_STYLE = Automatic;
				CURRENT_PROJECT_VERSION = 1;
				DEVELOPMENT_TEAM = DP86F48365;
				GENERATE_INFOPLIST_FILE = YES;
				INFOPLIST_FILE = CareerChatter/Info.plist;
				INFOPLIST_KEY_CFBundleDisplayName = CareerChatter;
				INFOPLIST_KEY_UIApplicationSupportsIndirectInputEvents = YES;
				INFOPLIST_KEY_UILaunchStoryboardName = LaunchScreen;
				INFOPLIST_KEY_UIMainStoryboardFile = Main;
				INFOPLIST_KEY_UISupportedInterfaceOrientations_iPad = "UIInterfaceOrientationPortrait UIInterfaceOrientationPortraitUpsideDown UIInterfaceOrientationLandscapeLeft UIInterfaceOrientationLandscapeRight";
				INFOPLIST_KEY_UISupportedInterfaceOrientations_iPhone = "UIInterfaceOrientationPortrait UIInterfaceOrientationLandscapeLeft UIInterfaceOrientationLandscapeRight";
				LD_RUNPATH_SEARCH_PATHS = (
					"$(inherited)",
					"@executable_path/Frameworks",
				);
				MARKETING_VERSION = 1.0;
				PRODUCT_BUNDLE_IDENTIFIER = com.hummuswright.CareerChatter;
				PRODUCT_NAME = "$(TARGET_NAME)";
				SWIFT_EMIT_LOC_STRINGS = YES;
				TARGETED_DEVICE_FAMILY = "1,2";
			};
			name = Debug;
		};
		B5C4F5212B7D87700050841B /* Release */ = {
			isa = XCBuildConfiguration;
			buildSettings = {
				ASSETCATALOG_COMPILER_APPICON_NAME = AppIcon;
				ASSETCATALOG_COMPILER_GLOBAL_ACCENT_COLOR_NAME = AccentColor;
				CODE_SIGN_STYLE = Automatic;
				CURRENT_PROJECT_VERSION = 1;
				DEVELOPMENT_TEAM = DP86F48365;
				GENERATE_INFOPLIST_FILE = YES;
				INFOPLIST_FILE = CareerChatter/Info.plist;
				INFOPLIST_KEY_CFBundleDisplayName = CareerChatter;
				INFOPLIST_KEY_UIApplicationSupportsIndirectInputEvents = YES;
				INFOPLIST_KEY_UILaunchStoryboardName = LaunchScreen;
				INFOPLIST_KEY_UIMainStoryboardFile = Main;
				INFOPLIST_KEY_UISupportedInterfaceOrientations_iPad = "UIInterfaceOrientationPortrait UIInterfaceOrientationPortraitUpsideDown UIInterfaceOrientationLandscapeLeft UIInterfaceOrientationLandscapeRight";
				INFOPLIST_KEY_UISupportedInterfaceOrientations_iPhone = "UIInterfaceOrientationPortrait UIInterfaceOrientationLandscapeLeft UIInterfaceOrientationLandscapeRight";
				LD_RUNPATH_SEARCH_PATHS = (
					"$(inherited)",
					"@executable_path/Frameworks",
				);
				MARKETING_VERSION = 1.0;
				PRODUCT_BUNDLE_IDENTIFIER = com.hummuswright.CareerChatter;
				PRODUCT_NAME = "$(TARGET_NAME)";
				SWIFT_EMIT_LOC_STRINGS = YES;
				TARGETED_DEVICE_FAMILY = "1,2";
			};
			name = Release;
		};
/* End XCBuildConfiguration section */

/* Begin XCConfigurationList section */
		B5C4F5012B7D876F0050841B /* Build configuration list for PBXProject "CareerChatter" */ = {
			isa = XCConfigurationList;
			buildConfigurations = (
				B5C4F51D2B7D87700050841B /* Debug */,
				B5C4F51E2B7D87700050841B /* Release */,
			);
			defaultConfigurationIsVisible = 0;
			defaultConfigurationName = Release;
		};
		B5C4F51F2B7D87700050841B /* Build configuration list for PBXNativeTarget "CareerChatter" */ = {
			isa = XCConfigurationList;
			buildConfigurations = (
				B5C4F5202B7D87700050841B /* Debug */,
				B5C4F5212B7D87700050841B /* Release */,
			);
			defaultConfigurationIsVisible = 0;
			defaultConfigurationName = Release;
		};
/* End XCConfigurationList section */
	};
	rootObject = B5C4F4FE2B7D876F0050841B /* Project object */;
}
